
Microsoft Visual Studio Solution File, Format Version 12.00
# Visual Studio Version 17
VisualStudioVersion = 17.2.32630.192
MinimumVisualStudioVersion = 10.0.40219.1
Project("{9A19103F-16F7-4668-BE54-9A1E7A4F7556}") = "TaskManager", "src\TaskManager.csproj", "{56258469-F51A-4513-934E-10A3F7D77AD6}"
EndProject
Project("{9A19103F-16F7-4668-BE54-9A1E7A4F7556}") = "TaskManagerTests", "test\TaskManagerTests.csproj", "{890DFFF8-C28F-492D-956F-35FB41BC1D4B}"
EndProject
Global
	GlobalSection(SolutionConfigurationPlatforms) = preSolution
		Debug|Any CPU = Debug|Any CPU
		Release|Any CPU = Release|Any CPU
	EndGlobalSection
	GlobalSection(ProjectConfigurationPlatforms) = postSolution
		{56258469-F51A-4513-934E-10A3F7D77AD6}.Debug|Any CPU.ActiveCfg = Debug|Any CPU
		{56258469-F51A-4513-934E-10A3F7D77AD6}.Debug|Any CPU.Build.0 = Debug|Any CPU
		{56258469-F51A-4513-934E-10A3F7D77AD6}.Release|Any CPU.ActiveCfg = Release|Any CPU
		{56258469-F51A-4513-934E-10A3F7D77AD6}.Release|Any CPU.Build.0 = Release|Any CPU
		{890DFFF8-C28F-492D-956F-35FB41BC1D4B}.Debug|Any CPU.ActiveCfg = Debug|Any CPU
		{890DFFF8-C28F-492D-956F-35FB41BC1D4B}.Debug|Any CPU.Build.0 = Debug|Any CPU
		{890DFFF8-C28F-492D-956F-35FB41BC1D4B}.Release|Any CPU.ActiveCfg = Release|Any CPU
		{890DFFF8-C28F-492D-956F-35FB41BC1D4B}.Release|Any CPU.Build.0 = Release|Any CPU
	EndGlobalSection
	GlobalSection(SolutionProperties) = preSolution
		HideSolutionNode = FALSE
	EndGlobalSection
	GlobalSection(ExtensibilityGlobals) = postSolution
		SolutionGuid = {3B8A32BB-9CAB-4D9B-AB0D-02CE4790DFCB}
	EndGlobalSection
EndGlobal
